
Microsoft Visual Studio Solution File, Format Version 12.00
# Visual Studio Version 16
VisualStudioVersion = 16.0.29806.167
MinimumVisualStudioVersion = 10.0.40219.1
Project("{FAE04EC0-301F-11D3-BF4B-00C04F79EFBC}") = "WindowsFormsAppExal", "WindowsFormsAppExal.csproj", "{2FBF22EB-E3C9-4B69-8E59-F698A9795AAC}"
EndProject
Global
	GlobalSection(SolutionConfigurationPlatforms) = preSolution
		Debug|Any CPU = Debug|Any CPU
		Release|Any CPU = Release|Any CPU
	EndGlobalSection
	GlobalSection(ProjectConfigurationPlatforms) = postSolution
		{2FBF22EB-E3C9-4B69-8E59-F698A9795AAC}.Debug|Any CPU.ActiveCfg = Debug|Any CPU
		{2FBF22EB-E3C9-4B69-8E59-F698A9795AAC}.Debug|Any CPU.Build.0 = Debug|Any CPU
		{2FBF22EB-E3C9-4B69-8E59-F698A9795AAC}.Release|Any CPU.ActiveCfg = Release|Any CPU
		{2FBF22EB-E3C9-4B69-8E59-F698A9795AAC}.Release|Any CPU.Build.0 = Release|Any CPU
	EndGlobalSection
	GlobalSection(SolutionProperties) = preSolution
		HideSolutionNode = FALSE
	EndGlobalSection
	GlobalSection(ExtensibilityGlobals) = postSolution
		SolutionGuid = {C2263824-FB9F-4CA4-AACB-1A3C45C2E235}
	EndGlobalSection
EndGlobal
