
Microsoft Visual Studio Solution File, Format Version 12.00
# Visual Studio Version 16
VisualStudioVersion = 16.0.29920.165
MinimumVisualStudioVersion = 10.0.40219.1
Project("{FAE04EC0-301F-11D3-BF4B-00C04F79EFBC}") = "Experment", "Experment.csproj", "{F1B7EE69-7021-43F8-85B7-267F51331E46}"
EndProject
Global
	GlobalSection(SolutionConfigurationPlatforms) = preSolution
		Debug|Any CPU = Debug|Any CPU
		Release|Any CPU = Release|Any CPU
	EndGlobalSection
	GlobalSection(ProjectConfigurationPlatforms) = postSolution
		{F1B7EE69-7021-43F8-85B7-267F51331E46}.Debug|Any CPU.ActiveCfg = Debug|Any CPU
		{F1B7EE69-7021-43F8-85B7-267F51331E46}.Debug|Any CPU.Build.0 = Debug|Any CPU
		{F1B7EE69-7021-43F8-85B7-267F51331E46}.Release|Any CPU.ActiveCfg = Release|Any CPU
		{F1B7EE69-7021-43F8-85B7-267F51331E46}.Release|Any CPU.Build.0 = Release|Any CPU
	EndGlobalSection
	GlobalSection(SolutionProperties) = preSolution
		HideSolutionNode = FALSE
	EndGlobalSection
	GlobalSection(ExtensibilityGlobals) = postSolution
		SolutionGuid = {364D741A-FFD7-4323-BE25-07C255312F66}
	EndGlobalSection
EndGlobal
